
Microsoft Visual Studio Solution File, Format Version 12.00
# Visual Studio 15
VisualStudioVersion = 15.0.28010.2050
MinimumVisualStudioVersion = 10.0.40219.1
Project("{FAE04EC0-301F-11D3-BF4B-00C04F79EFBC}") = "IS7024_Assignment1", "IS7024_Assignment1\IS7024_Assignment1.csproj", "{6DBE57D7-B481-4B26-9406-B6AE6AD4759D}"
EndProject
Global
	GlobalSection(SolutionConfigurationPlatforms) = preSolution
		Debug|Any CPU = Debug|Any CPU
		Release|Any CPU = Release|Any CPU
	EndGlobalSection
	GlobalSection(ProjectConfigurationPlatforms) = postSolution
		{6DBE57D7-B481-4B26-9406-B6AE6AD4759D}.Debug|Any CPU.ActiveCfg = Debug|Any CPU
		{6DBE57D7-B481-4B26-9406-B6AE6AD4759D}.Debug|Any CPU.Build.0 = Debug|Any CPU
		{6DBE57D7-B481-4B26-9406-B6AE6AD4759D}.Release|Any CPU.ActiveCfg = Release|Any CPU
		{6DBE57D7-B481-4B26-9406-B6AE6AD4759D}.Release|Any CPU.Build.0 = Release|Any CPU
	EndGlobalSection
	GlobalSection(SolutionProperties) = preSolution
		HideSolutionNode = FALSE
	EndGlobalSection
	GlobalSection(ExtensibilityGlobals) = postSolution
		SolutionGuid = {B5B97A2B-A3DF-4B33-85D9-CF29F5B102F0}
	EndGlobalSection
EndGlobal
