
Microsoft Visual Studio Solution File, Format Version 12.00
# Visual Studio 15
VisualStudioVersion = 15.0.28010.2050
MinimumVisualStudioVersion = 10.0.40219.1
Project("{FAE04EC0-301F-11D3-BF4B-00C04F79EFBC}") = "Final_Project", "Final_Project\Final_Project.csproj", "{D428958D-A675-4BE4-A34C-6486CBB9261F}"
EndProject
Global
	GlobalSection(SolutionConfigurationPlatforms) = preSolution
		Debug|Any CPU = Debug|Any CPU
		Release|Any CPU = Release|Any CPU
	EndGlobalSection
	GlobalSection(ProjectConfigurationPlatforms) = postSolution
		{D428958D-A675-4BE4-A34C-6486CBB9261F}.Debug|Any CPU.ActiveCfg = Debug|Any CPU
		{D428958D-A675-4BE4-A34C-6486CBB9261F}.Debug|Any CPU.Build.0 = Debug|Any CPU
		{D428958D-A675-4BE4-A34C-6486CBB9261F}.Release|Any CPU.ActiveCfg = Release|Any CPU
		{D428958D-A675-4BE4-A34C-6486CBB9261F}.Release|Any CPU.Build.0 = Release|Any CPU
	EndGlobalSection
	GlobalSection(SolutionProperties) = preSolution
		HideSolutionNode = FALSE
	EndGlobalSection
	GlobalSection(ExtensibilityGlobals) = postSolution
		SolutionGuid = {7D91224D-4D3C-4EFA-9440-F3254B73308B}
	EndGlobalSection
EndGlobal
